
Microsoft Visual Studio Solution File, Format Version 12.00
# Visual Studio Version 16
VisualStudioVersion = 16.0.29926.136
MinimumVisualStudioVersion = 10.0.40219.1
Project("{FAE04EC0-301F-11D3-BF4B-00C04F79EFBC}") = "Rebuild Project", "Rebuild Project\Rebuild Project.csproj", "{707F121E-3FC2-47EE-8738-251BA72DB7DC}"
EndProject
Global
	GlobalSection(SolutionConfigurationPlatforms) = preSolution
		Debug|Any CPU = Debug|Any CPU
		Release|Any CPU = Release|Any CPU
	EndGlobalSection
	GlobalSection(ProjectConfigurationPlatforms) = postSolution
		{707F121E-3FC2-47EE-8738-251BA72DB7DC}.Debug|Any CPU.ActiveCfg = Debug|Any CPU
		{707F121E-3FC2-47EE-8738-251BA72DB7DC}.Debug|Any CPU.Build.0 = Debug|Any CPU
		{707F121E-3FC2-47EE-8738-251BA72DB7DC}.Release|Any CPU.ActiveCfg = Release|Any CPU
		{707F121E-3FC2-47EE-8738-251BA72DB7DC}.Release|Any CPU.Build.0 = Release|Any CPU
	EndGlobalSection
	GlobalSection(SolutionProperties) = preSolution
		HideSolutionNode = FALSE
	EndGlobalSection
	GlobalSection(ExtensibilityGlobals) = postSolution
		SolutionGuid = {C8CA8B5D-ECB5-4D89-BEAF-F0BC56443C8D}
	EndGlobalSection
EndGlobal
